
Microsoft Visual Studio Solution File, Format Version 12.00
# Visual Studio Version 16
VisualStudioVersion = 16.0.31727.386
MinimumVisualStudioVersion = 10.0.40219.1
Project("{2150E333-8FDC-42A3-9474-1A3956D46DE8}") = "DataStructures", "DataStructures", "{C6089257-2781-432E-9EA1-57BB1C67AF11}"
EndProject
Project("{2150E333-8FDC-42A3-9474-1A3956D46DE8}") = "Applications", "Applications", "{E9587605-F2E9-4E97-BF9F-794C04A9F583}"
EndProject
Project("{2150E333-8FDC-42A3-9474-1A3956D46DE8}") = "Tests", "Tests", "{E0F6891B-B19C-40EE-9966-FDFFDAC8A402}"
EndProject
Project("{2150E333-8FDC-42A3-9474-1A3956D46DE8}") = "UIs", "UIs", "{87ABB1B5-062C-434A-B230-69169B482323}"
EndProject
Project("{FAE04EC0-301F-11D3-BF4B-00C04F79EFBC}") = "ValueAndReferenceTypes", "ValueAndReferenceTypes\ValueAndReferenceTypes.csproj", "{95DF9861-9752-4DA7-ADCB-E430929AF075}"
EndProject
Project("{FAE04EC0-301F-11D3-BF4B-00C04F79EFBC}") = "ValueAndRefTypeApp", "ValueAndRefTypeApp\ValueAndRefTypeApp.csproj", "{0E86E879-89A0-412D-A8B9-8E1ACD910AB4}"
EndProject
Project("{2150E333-8FDC-42A3-9474-1A3956D46DE8}") = "ApplicationsTests", "ApplicationsTests", "{F3BE237A-C97B-4930-A540-DA3EAAC5A4E2}"
EndProject
Project("{FAE04EC0-301F-11D3-BF4B-00C04F79EFBC}") = "ValueAndReferenceTypesTests", "ValueAndReferenceTypesTests\ValueAndReferenceTypesTests.csproj", "{500F486A-3819-495C-B406-BC319062430B}"
EndProject
Project("{FAE04EC0-301F-11D3-BF4B-00C04F79EFBC}") = "Array", "Array\Array.csproj", "{E3D58A25-78FC-4B7E-BF97-2D28230EA9AA}"
EndProject
Project("{FAE04EC0-301F-11D3-BF4B-00C04F79EFBC}") = "ArrayApp", "ArrayApp\ArrayApp.csproj", "{4494DDE5-E1E5-4EE3-BEE3-4611B112ECEB}"
EndProject
Project("{2150E333-8FDC-42A3-9474-1A3956D46DE8}") = "ArrayTest", "ArrayTest", "{8C636126-F16D-4523-8A37-4769E127E9D1}"
EndProject
Project("{FAE04EC0-301F-11D3-BF4B-00C04F79EFBC}") = "ArrayTests", "ArrayTests\ArrayTests.csproj", "{B07D32D6-92B0-426E-A8C4-20F41286C163}"
EndProject
Global
	GlobalSection(SolutionConfigurationPlatforms) = preSolution
		Debug|Any CPU = Debug|Any CPU
		Release|Any CPU = Release|Any CPU
	EndGlobalSection
	GlobalSection(ProjectConfigurationPlatforms) = postSolution
		{95DF9861-9752-4DA7-ADCB-E430929AF075}.Debug|Any CPU.ActiveCfg = Debug|Any CPU
		{95DF9861-9752-4DA7-ADCB-E430929AF075}.Debug|Any CPU.Build.0 = Debug|Any CPU
		{95DF9861-9752-4DA7-ADCB-E430929AF075}.Release|Any CPU.ActiveCfg = Release|Any CPU
		{95DF9861-9752-4DA7-ADCB-E430929AF075}.Release|Any CPU.Build.0 = Release|Any CPU
		{0E86E879-89A0-412D-A8B9-8E1ACD910AB4}.Debug|Any CPU.ActiveCfg = Debug|Any CPU
		{0E86E879-89A0-412D-A8B9-8E1ACD910AB4}.Debug|Any CPU.Build.0 = Debug|Any CPU
		{0E86E879-89A0-412D-A8B9-8E1ACD910AB4}.Release|Any CPU.ActiveCfg = Release|Any CPU
		{0E86E879-89A0-412D-A8B9-8E1ACD910AB4}.Release|Any CPU.Build.0 = Release|Any CPU
		{500F486A-3819-495C-B406-BC319062430B}.Debug|Any CPU.ActiveCfg = Debug|Any CPU
		{500F486A-3819-495C-B406-BC319062430B}.Debug|Any CPU.Build.0 = Debug|Any CPU
		{500F486A-3819-495C-B406-BC319062430B}.Release|Any CPU.ActiveCfg = Release|Any CPU
		{500F486A-3819-495C-B406-BC319062430B}.Release|Any CPU.Build.0 = Release|Any CPU
		{E3D58A25-78FC-4B7E-BF97-2D28230EA9AA}.Debug|Any CPU.ActiveCfg = Debug|Any CPU
		{E3D58A25-78FC-4B7E-BF97-2D28230EA9AA}.Debug|Any CPU.Build.0 = Debug|Any CPU
		{E3D58A25-78FC-4B7E-BF97-2D28230EA9AA}.Release|Any CPU.ActiveCfg = Release|Any CPU
		{E3D58A25-78FC-4B7E-BF97-2D28230EA9AA}.Release|Any CPU.Build.0 = Release|Any CPU
		{4494DDE5-E1E5-4EE3-BEE3-4611B112ECEB}.Debug|Any CPU.ActiveCfg = Debug|Any CPU
		{4494DDE5-E1E5-4EE3-BEE3-4611B112ECEB}.Debug|Any CPU.Build.0 = Debug|Any CPU
		{4494DDE5-E1E5-4EE3-BEE3-4611B112ECEB}.Release|Any CPU.ActiveCfg = Release|Any CPU
		{4494DDE5-E1E5-4EE3-BEE3-4611B112ECEB}.Release|Any CPU.Build.0 = Release|Any CPU
		{B07D32D6-92B0-426E-A8C4-20F41286C163}.Debug|Any CPU.ActiveCfg = Debug|Any CPU
		{B07D32D6-92B0-426E-A8C4-20F41286C163}.Debug|Any CPU.Build.0 = Debug|Any CPU
		{B07D32D6-92B0-426E-A8C4-20F41286C163}.Release|Any CPU.ActiveCfg = Release|Any CPU
		{B07D32D6-92B0-426E-A8C4-20F41286C163}.Release|Any CPU.Build.0 = Release|Any CPU
	EndGlobalSection
	GlobalSection(SolutionProperties) = preSolution
		HideSolutionNode = FALSE
	EndGlobalSection
	GlobalSection(NestedProjects) = preSolution
		{95DF9861-9752-4DA7-ADCB-E430929AF075} = {E9587605-F2E9-4E97-BF9F-794C04A9F583}
		{0E86E879-89A0-412D-A8B9-8E1ACD910AB4} = {87ABB1B5-062C-434A-B230-69169B482323}
		{F3BE237A-C97B-4930-A540-DA3EAAC5A4E2} = {E0F6891B-B19C-40EE-9966-FDFFDAC8A402}
		{500F486A-3819-495C-B406-BC319062430B} = {F3BE237A-C97B-4930-A540-DA3EAAC5A4E2}
		{E3D58A25-78FC-4B7E-BF97-2D28230EA9AA} = {C6089257-2781-432E-9EA1-57BB1C67AF11}
		{4494DDE5-E1E5-4EE3-BEE3-4611B112ECEB} = {87ABB1B5-062C-434A-B230-69169B482323}
		{8C636126-F16D-4523-8A37-4769E127E9D1} = {E0F6891B-B19C-40EE-9966-FDFFDAC8A402}
		{B07D32D6-92B0-426E-A8C4-20F41286C163} = {8C636126-F16D-4523-8A37-4769E127E9D1}
	EndGlobalSection
	GlobalSection(ExtensibilityGlobals) = postSolution
		SolutionGuid = {4DA38C70-E108-41FB-94A1-413B75E16EF4}
	EndGlobalSection
EndGlobal
